
Microsoft Visual Studio Solution File, Format Version 12.00
# Visual Studio Version 17
VisualStudioVersion = 17.6.33815.320
MinimumVisualStudioVersion = 10.0.40219.1
Project("{FAE04EC0-301F-11D3-BF4B-00C04F79EFBC}") = "Timer_Rubik.WebApp", "Timer_Rubik.WebApp\Timer_Rubik.WebApp.csproj", "{873F4E40-2F6C-40D1-AEF7-31A6B879BA99}"
EndProject
Global
	GlobalSection(SolutionConfigurationPlatforms) = preSolution
		Debug|Any CPU = Debug|Any CPU
		Release|Any CPU = Release|Any CPU
	EndGlobalSection
	GlobalSection(ProjectConfigurationPlatforms) = postSolution
		{873F4E40-2F6C-40D1-AEF7-31A6B879BA99}.Debug|Any CPU.ActiveCfg = Debug|Any CPU
		{873F4E40-2F6C-40D1-AEF7-31A6B879BA99}.Debug|Any CPU.Build.0 = Debug|Any CPU
		{873F4E40-2F6C-40D1-AEF7-31A6B879BA99}.Release|Any CPU.ActiveCfg = Release|Any CPU
		{873F4E40-2F6C-40D1-AEF7-31A6B879BA99}.Release|Any CPU.Build.0 = Release|Any CPU
	EndGlobalSection
	GlobalSection(SolutionProperties) = preSolution
		HideSolutionNode = FALSE
	EndGlobalSection
	GlobalSection(ExtensibilityGlobals) = postSolution
		SolutionGuid = {B62D9D66-3504-47F5-BE27-205E94B84233}
	EndGlobalSection
EndGlobal
